Microsoft Visual Studio Solution File, Format Version 12.00
# Visual Studio 14
Project("{2150E333-8FDC-42A3-9474-1A3956D46DE8}") = "CMakePredefinedTargets", "CMakePredefinedTargets", "{0D965FC9-A06B-3F1B-8BF9-854F915B9698}"
EndProject
Project("{2150E333-8FDC-42A3-9474-1A3956D46DE8}") = "CTestDashboardTargets", "CTestDashboardTargets", "{E269DF42-2ACA-3937-9962-65618161697A}"
EndProject
Project("{2150E333-8FDC-42A3-9474-1A3956D46DE8}") = "GLFW3", "GLFW3", "{3D4590DD-7C46-370E-9304-11D2C88ED105}"
EndProject
Project("{8BC9CEB8-8B4A-11D0-8D11-00A0C91BC942}") = "ALL_BUILD", "ALL_BUILD.vcxproj", "{E19FCD4D-3750-3104-A5A1-6CD316EA5747}"
	ProjectSection(ProjectDependencies) = postProject
		{F3F920A4-ACED-3446-A561-CA99BDE03005} = {F3F920A4-ACED-3446-A561-CA99BDE03005}
		{570C2E45-F5B6-3D67-8477-3F327C36FE1F} = {570C2E45-F5B6-3D67-8477-3F327C36FE1F}
		{60711431-C4B1-3DBD-A566-AB690B680B1C} = {60711431-C4B1-3DBD-A566-AB690B680B1C}
		{47DB4A5D-6F41-3EDF-9722-00A4762552D3} = {47DB4A5D-6F41-3EDF-9722-00A4762552D3}
		{27F1B278-79F3-339C-A390-9860D522C709} = {27F1B278-79F3-339C-A390-9860D522C709}
		{0483F21B-ABFB-3D5E-9BC2-A03D2C29D484} = {0483F21B-ABFB-3D5E-9BC2-A03D2C29D484}
		{46AE66CE-DB22-349D-B9AF-F0C38223456B} = {46AE66CE-DB22-349D-B9AF-F0C38223456B}
		{E2D88C18-3866-3016-A0A8-8EE3B7BE55E1} = {E2D88C18-3866-3016-A0A8-8EE3B7BE55E1}
		{10B39CDB-277C-385B-B78E-2E1E44164DDB} = {10B39CDB-277C-385B-B78E-2E1E44164DDB}
		{40DF03BE-B128-3FD1-BD33-4054AC579043} = {40DF03BE-B128-3FD1-BD33-4054AC579043}
		{DE832356-4A8D-3119-89D4-91E2C42EEAB6} = {DE832356-4A8D-3119-89D4-91E2C42EEAB6}
		{04CD99E0-6E40-39BC-8A88-C2508CAE4B85} = {04CD99E0-6E40-39BC-8A88-C2508CAE4B85}
		{BC2CBBEF-8DF1-3197-A039-5104D3B99EA0} = {BC2CBBEF-8DF1-3197-A039-5104D3B99EA0}
		{AD5D7B13-8397-371F-9F00-716DB346C015} = {AD5D7B13-8397-371F-9F00-716DB346C015}
		{AD5DE330-9272-3CCC-8033-8515F9E11505} = {AD5DE330-9272-3CCC-8033-8515F9E11505}
		{5FBF87D4-5018-3D30-B678-31875F4677BD} = {5FBF87D4-5018-3D30-B678-31875F4677BD}
		{42334A48-804C-33B2-8189-F71703B9A7E0} = {42334A48-804C-33B2-8189-F71703B9A7E0}
		{6183D45E-FE3C-351E-9DE1-C57DE6E619B0} = {6183D45E-FE3C-351E-9DE1-C57DE6E619B0}
		{D35FCF5E-2FFA-3A8B-A62F-20ADA5B4B3CC} = {D35FCF5E-2FFA-3A8B-A62F-20ADA5B4B3CC}
		{15892308-858E-3D6F-99FB-D0CEC91BD028} = {15892308-858E-3D6F-99FB-D0CEC91BD028}
		{5C0434C9-B8B9-308D-9FFA-2B21B36CFE34} = {5C0434C9-B8B9-308D-9FFA-2B21B36CFE34}
		{0EA4989C-F435-30B3-8E32-8A197F25CB8D} = {0EA4989C-F435-30B3-8E32-8A197F25CB8D}
		{A6EE8A28-EE4A-3A48-B0B4-7D4ED1BE7C01} = {A6EE8A28-EE4A-3A48-B0B4-7D4ED1BE7C01}
		{B4F0FB7A-401B-30C2-974C-A5BDB0CF6D52} = {B4F0FB7A-401B-30C2-974C-A5BDB0CF6D52}
		{FCEF0578-F6C6-3F0A-8FC0-06C1C19451A5} = {FCEF0578-F6C6-3F0A-8FC0-06C1C19451A5}
		{DA26CB29-2457-386A-B8AC-DC2A16BFC113} = {DA26CB29-2457-386A-B8AC-DC2A16BFC113}
		{B70CEC3B-30FC-3981-9F21-864F3B5B906C} = {B70CEC3B-30FC-3981-9F21-864F3B5B906C}
		{BE6A801D-5024-3CEE-9168-C87828AF04B4} = {BE6A801D-5024-3CEE-9168-C87828AF04B4}
		{39F1474B-81DA-365A-B47C-6A01E7810836} = {39F1474B-81DA-365A-B47C-6A01E7810836}
		{FCF030FB-F253-3790-8808-A5D77DA23063} = {FCF030FB-F253-3790-8808-A5D77DA23063}
		{17D27BF3-FD47-33A8-9152-5D8AACFFB6F4} = {17D27BF3-FD47-33A8-9152-5D8AACFFB6F4}
		{4C1DF5C6-190A-3F41-8F66-9EDE938B0477} = {4C1DF5C6-190A-3F41-8F66-9EDE938B0477}
		{AEA4C14A-97C4-3585-BCA1-125371A03708} = {AEA4C14A-97C4-3585-BCA1-125371A03708}
		{DB5578BE-486B-3302-8276-A31E9DFD6577} = {DB5578BE-486B-3302-8276-A31E9DFD6577}
	EndProjectSection
EndProject
Project("{8BC9CEB8-8B4A-11D0-8D11-00A0C91BC942}") = "Bullet2FileLoader", "ESEngine\Vendor\bullet3\src\Bullet3Serialize\Bullet2FileLoader\Bullet2FileLoader.vcxproj", "{F3F920A4-ACED-3446-A561-CA99BDE03005}"
	ProjectSection(ProjectDependencies) = postProject
		{BC2CBBEF-8DF1-3197-A039-5104D3B99EA0} = {BC2CBBEF-8DF1-3197-A039-5104D3B99EA0}
	EndProjectSection
EndProject
Project("{8BC9CEB8-8B4A-11D0-8D11-00A0C91BC942}") = "Bullet3Collision", "ESEngine\Vendor\bullet3\src\Bullet3Collision\Bullet3Collision.vcxproj", "{570C2E45-F5B6-3D67-8477-3F327C36FE1F}"
	ProjectSection(ProjectDependencies) = postProject
		{BC2CBBEF-8DF1-3197-A039-5104D3B99EA0} = {BC2CBBEF-8DF1-3197-A039-5104D3B99EA0}
	EndProjectSection
EndProject
Project("{8BC9CEB8-8B4A-11D0-8D11-00A0C91BC942}") = "Bullet3Common", "ESEngine\Vendor\bullet3\src\Bullet3Common\Bullet3Common.vcxproj", "{60711431-C4B1-3DBD-A566-AB690B680B1C}"
	ProjectSection(ProjectDependencies) = postProject
		{BC2CBBEF-8DF1-3197-A039-5104D3B99EA0} = {BC2CBBEF-8DF1-3197-A039-5104D3B99EA0}
	EndProjectSection
EndProject
Project("{8BC9CEB8-8B4A-11D0-8D11-00A0C91BC942}") = "Bullet3Dynamics", "ESEngine\Vendor\bullet3\src\Bullet3Dynamics\Bullet3Dynamics.vcxproj", "{47DB4A5D-6F41-3EDF-9722-00A4762552D3}"
	ProjectSection(ProjectDependencies) = postProject
		{BC2CBBEF-8DF1-3197-A039-5104D3B99EA0} = {BC2CBBEF-8DF1-3197-A039-5104D3B99EA0}
	EndProjectSection
EndProject
Project("{8BC9CEB8-8B4A-11D0-8D11-00A0C91BC942}") = "Bullet3Geometry", "ESEngine\Vendor\bullet3\src\Bullet3Geometry\Bullet3Geometry.vcxproj", "{27F1B278-79F3-339C-A390-9860D522C709}"
	ProjectSection(ProjectDependencies) = postProject
		{BC2CBBEF-8DF1-3197-A039-5104D3B99EA0} = {BC2CBBEF-8DF1-3197-A039-5104D3B99EA0}
	EndProjectSection
EndProject
Project("{8BC9CEB8-8B4A-11D0-8D11-00A0C91BC942}") = "Bullet3OpenCL_clew", "ESEngine\Vendor\bullet3\src\Bullet3OpenCL\Bullet3OpenCL_clew.vcxproj", "{0483F21B-ABFB-3D5E-9BC2-A03D2C29D484}"
	ProjectSection(ProjectDependencies) = postProject
		{BC2CBBEF-8DF1-3197-A039-5104D3B99EA0} = {BC2CBBEF-8DF1-3197-A039-5104D3B99EA0}
	EndProjectSection
EndProject
Project("{8BC9CEB8-8B4A-11D0-8D11-00A0C91BC942}") = "BulletCollision", "ESEngine\Vendor\bullet3\src\BulletCollision\BulletCollision.vcxproj", "{46AE66CE-DB22-349D-B9AF-F0C38223456B}"
	ProjectSection(ProjectDependencies) = postProject
		{BC2CBBEF-8DF1-3197-A039-5104D3B99EA0} = {BC2CBBEF-8DF1-3197-A039-5104D3B99EA0}
	EndProjectSection
EndProject
Project("{8BC9CEB8-8B4A-11D0-8D11-00A0C91BC942}") = "BulletDynamics", "ESEngine\Vendor\bullet3\src\BulletDynamics\BulletDynamics.vcxproj", "{E2D88C18-3866-3016-A0A8-8EE3B7BE55E1}"
	ProjectSection(ProjectDependencies) = postProject
		{BC2CBBEF-8DF1-3197-A039-5104D3B99EA0} = {BC2CBBEF-8DF1-3197-A039-5104D3B99EA0}
	EndProjectSection
EndProject
Project("{8BC9CEB8-8B4A-11D0-8D11-00A0C91BC942}") = "BulletInverseDynamics", "ESEngine\Vendor\bullet3\src\BulletInverseDynamics\BulletInverseDynamics.vcxproj", "{10B39CDB-277C-385B-B78E-2E1E44164DDB}"
	ProjectSection(ProjectDependencies) = postProject
		{BC2CBBEF-8DF1-3197-A039-5104D3B99EA0} = {BC2CBBEF-8DF1-3197-A039-5104D3B99EA0}
	EndProjectSection
EndProject
Project("{8BC9CEB8-8B4A-11D0-8D11-00A0C91BC942}") = "BulletSoftBody", "ESEngine\Vendor\bullet3\src\BulletSoftBody\BulletSoftBody.vcxproj", "{40DF03BE-B128-3FD1-BD33-4054AC579043}"
	ProjectSection(ProjectDependencies) = postProject
		{BC2CBBEF-8DF1-3197-A039-5104D3B99EA0} = {BC2CBBEF-8DF1-3197-A039-5104D3B99EA0}
	EndProjectSection
EndProject
Project("{8BC9CEB8-8B4A-11D0-8D11-00A0C91BC942}") = "Continuous", "ESEngine\Vendor\rapidjson\Continuous.vcxproj", "{A8FEC29A-9E11-31FC-8C1D-48D6A6BE01C2}"
	ProjectSection(ProjectDependencies) = postProject
		{BC2CBBEF-8DF1-3197-A039-5104D3B99EA0} = {BC2CBBEF-8DF1-3197-A039-5104D3B99EA0}
	EndProjectSection
EndProject
Project("{8BC9CEB8-8B4A-11D0-8D11-00A0C91BC942}") = "ESTree", "ESTree.vcxproj", "{DE832356-4A8D-3119-89D4-91E2C42EEAB6}"
	ProjectSection(ProjectDependencies) = postProject
		{46AE66CE-DB22-349D-B9AF-F0C38223456B} = {46AE66CE-DB22-349D-B9AF-F0C38223456B}
		{E2D88C18-3866-3016-A0A8-8EE3B7BE55E1} = {E2D88C18-3866-3016-A0A8-8EE3B7BE55E1}
		{04CD99E0-6E40-39BC-8A88-C2508CAE4B85} = {04CD99E0-6E40-39BC-8A88-C2508CAE4B85}
		{BC2CBBEF-8DF1-3197-A039-5104D3B99EA0} = {BC2CBBEF-8DF1-3197-A039-5104D3B99EA0}
		{15892308-858E-3D6F-99FB-D0CEC91BD028} = {15892308-858E-3D6F-99FB-D0CEC91BD028}
	EndProjectSection
EndProject
Project("{8BC9CEB8-8B4A-11D0-8D11-00A0C91BC942}") = "Experimental", "ESEngine\Vendor\rapidjson\Experimental.vcxproj", "{A0D3090A-BF26-3D87-83D7-9D094A3E2397}"
	ProjectSection(ProjectDependencies) = postProject
		{BC2CBBEF-8DF1-3197-A039-5104D3B99EA0} = {BC2CBBEF-8DF1-3197-A039-5104D3B99EA0}
	EndProjectSection
EndProject
Project("{8BC9CEB8-8B4A-11D0-8D11-00A0C91BC942}") = "INSTALL", "INSTALL.vcxproj", "{66021F7D-FBAE-32D3-8399-D9BFD477725D}"
	ProjectSection(ProjectDependencies) = postProject
		{E19FCD4D-3750-3104-A5A1-6CD316EA5747} = {E19FCD4D-3750-3104-A5A1-6CD316EA5747}
		{BC2CBBEF-8DF1-3197-A039-5104D3B99EA0} = {BC2CBBEF-8DF1-3197-A039-5104D3B99EA0}
	EndProjectSection
EndProject
Project("{8BC9CEB8-8B4A-11D0-8D11-00A0C91BC942}") = "LinearMath", "ESEngine\Vendor\bullet3\src\LinearMath\LinearMath.vcxproj", "{04CD99E0-6E40-39BC-8A88-C2508CAE4B85}"
	ProjectSection(ProjectDependencies) = postProject
		{BC2CBBEF-8DF1-3197-A039-5104D3B99EA0} = {BC2CBBEF-8DF1-3197-A039-5104D3B99EA0}
	EndProjectSection
EndProject
Project("{8BC9CEB8-8B4A-11D0-8D11-00A0C91BC942}") = "Nightly", "ESEngine\Vendor\rapidjson\Nightly.vcxproj", "{8E9F7959-8D3A-3841-896B-E8251774BE5B}"
	ProjectSection(ProjectDependencies) = postProject
		{BC2CBBEF-8DF1-3197-A039-5104D3B99EA0} = {BC2CBBEF-8DF1-3197-A039-5104D3B99EA0}
	EndProjectSection
EndProject
Project("{8BC9CEB8-8B4A-11D0-8D11-00A0C91BC942}") = "NightlyMemoryCheck", "ESEngine\Vendor\rapidjson\NightlyMemoryCheck.vcxproj", "{0F31407D-A0B4-3AB7-84D2-AE1EE076CC79}"
	ProjectSection(ProjectDependencies) = postProject
		{BC2CBBEF-8DF1-3197-A039-5104D3B99EA0} = {BC2CBBEF-8DF1-3197-A039-5104D3B99EA0}
	EndProjectSection
EndProject
Project("{8BC9CEB8-8B4A-11D0-8D11-00A0C91BC942}") = "ZERO_CHECK", "ZERO_CHECK.vcxproj", "{BC2CBBEF-8DF1-3197-A039-5104D3B99EA0}"
	ProjectSection(ProjectDependencies) = postProject
	EndProjectSection
EndProject
Project("{8BC9CEB8-8B4A-11D0-8D11-00A0C91BC942}") = "archivertest", "ESEngine\Vendor\rapidjson\example\archivertest.vcxproj", "{AD5D7B13-8397-371F-9F00-716DB346C015}"
	ProjectSection(ProjectDependencies) = postProject
		{BC2CBBEF-8DF1-3197-A039-5104D3B99EA0} = {BC2CBBEF-8DF1-3197-A039-5104D3B99EA0}
	EndProjectSection
EndProject
Project("{8BC9CEB8-8B4A-11D0-8D11-00A0C91BC942}") = "capitalize", "ESEngine\Vendor\rapidjson\example\capitalize.vcxproj", "{AD5DE330-9272-3CCC-8033-8515F9E11505}"
	ProjectSection(ProjectDependencies) = postProject
		{BC2CBBEF-8DF1-3197-A039-5104D3B99EA0} = {BC2CBBEF-8DF1-3197-A039-5104D3B99EA0}
	EndProjectSection
EndProject
Project("{8BC9CEB8-8B4A-11D0-8D11-00A0C91BC942}") = "condense", "ESEngine\Vendor\rapidjson\example\condense.vcxproj", "{5FBF87D4-5018-3D30-B678-31875F4677BD}"
	ProjectSection(ProjectDependencies) = postProject
		{BC2CBBEF-8DF1-3197-A039-5104D3B99EA0} = {BC2CBBEF-8DF1-3197-A039-5104D3B99EA0}
	EndProjectSection
EndProject
Project("{8BC9CEB8-8B4A-11D0-8D11-00A0C91BC942}") = "examples", "ESEngine\Vendor\rapidjson\example\examples.vcxproj", "{42334A48-804C-33B2-8189-F71703B9A7E0}"
	ProjectSection(ProjectDependencies) = postProject
		{BC2CBBEF-8DF1-3197-A039-5104D3B99EA0} = {BC2CBBEF-8DF1-3197-A039-5104D3B99EA0}
		{AD5DE330-9272-3CCC-8033-8515F9E11505} = {AD5DE330-9272-3CCC-8033-8515F9E11505}
		{5FBF87D4-5018-3D30-B678-31875F4677BD} = {5FBF87D4-5018-3D30-B678-31875F4677BD}
		{6183D45E-FE3C-351E-9DE1-C57DE6E619B0} = {6183D45E-FE3C-351E-9DE1-C57DE6E619B0}
		{D35FCF5E-2FFA-3A8B-A62F-20ADA5B4B3CC} = {D35FCF5E-2FFA-3A8B-A62F-20ADA5B4B3CC}
		{5C0434C9-B8B9-308D-9FFA-2B21B36CFE34} = {5C0434C9-B8B9-308D-9FFA-2B21B36CFE34}
		{0EA4989C-F435-30B3-8E32-8A197F25CB8D} = {0EA4989C-F435-30B3-8E32-8A197F25CB8D}
		{A6EE8A28-EE4A-3A48-B0B4-7D4ED1BE7C01} = {A6EE8A28-EE4A-3A48-B0B4-7D4ED1BE7C01}
		{B4F0FB7A-401B-30C2-974C-A5BDB0CF6D52} = {B4F0FB7A-401B-30C2-974C-A5BDB0CF6D52}
		{FCEF0578-F6C6-3F0A-8FC0-06C1C19451A5} = {FCEF0578-F6C6-3F0A-8FC0-06C1C19451A5}
		{DA26CB29-2457-386A-B8AC-DC2A16BFC113} = {DA26CB29-2457-386A-B8AC-DC2A16BFC113}
		{B70CEC3B-30FC-3981-9F21-864F3B5B906C} = {B70CEC3B-30FC-3981-9F21-864F3B5B906C}
		{BE6A801D-5024-3CEE-9168-C87828AF04B4} = {BE6A801D-5024-3CEE-9168-C87828AF04B4}
		{39F1474B-81DA-365A-B47C-6A01E7810836} = {39F1474B-81DA-365A-B47C-6A01E7810836}
		{FCF030FB-F253-3790-8808-A5D77DA23063} = {FCF030FB-F253-3790-8808-A5D77DA23063}
		{17D27BF3-FD47-33A8-9152-5D8AACFFB6F4} = {17D27BF3-FD47-33A8-9152-5D8AACFFB6F4}
		{4C1DF5C6-190A-3F41-8F66-9EDE938B0477} = {4C1DF5C6-190A-3F41-8F66-9EDE938B0477}
		{AEA4C14A-97C4-3585-BCA1-125371A03708} = {AEA4C14A-97C4-3585-BCA1-125371A03708}
		{DB5578BE-486B-3302-8276-A31E9DFD6577} = {DB5578BE-486B-3302-8276-A31E9DFD6577}
	EndProjectSection
EndProject
Project("{8BC9CEB8-8B4A-11D0-8D11-00A0C91BC942}") = "filterkey", "ESEngine\Vendor\rapidjson\example\filterkey.vcxproj", "{6183D45E-FE3C-351E-9DE1-C57DE6E619B0}"
	ProjectSection(ProjectDependencies) = postProject
		{BC2CBBEF-8DF1-3197-A039-5104D3B99EA0} = {BC2CBBEF-8DF1-3197-A039-5104D3B99EA0}
	EndProjectSection
EndProject
Project("{8BC9CEB8-8B4A-11D0-8D11-00A0C91BC942}") = "filterkeydom", "ESEngine\Vendor\rapidjson\example\filterkeydom.vcxproj", "{D35FCF5E-2FFA-3A8B-A62F-20ADA5B4B3CC}"
	ProjectSection(ProjectDependencies) = postProject
		{BC2CBBEF-8DF1-3197-A039-5104D3B99EA0} = {BC2CBBEF-8DF1-3197-A039-5104D3B99EA0}
	EndProjectSection
EndProject
Project("{8BC9CEB8-8B4A-11D0-8D11-00A0C91BC942}") = "glfw", "ESEngine\Vendor\glfw\src\glfw.vcxproj", "{15892308-858E-3D6F-99FB-D0CEC91BD028}"
	ProjectSection(ProjectDependencies) = postProject
		{BC2CBBEF-8DF1-3197-A039-5104D3B99EA0} = {BC2CBBEF-8DF1-3197-A039-5104D3B99EA0}
	EndProjectSection
EndProject
Project("{8BC9CEB8-8B4A-11D0-8D11-00A0C91BC942}") = "jsonx", "ESEngine\Vendor\rapidjson\example\jsonx.vcxproj", "{5C0434C9-B8B9-308D-9FFA-2B21B36CFE34}"
	ProjectSection(ProjectDependencies) = postProject
		{BC2CBBEF-8DF1-3197-A039-5104D3B99EA0} = {BC2CBBEF-8DF1-3197-A039-5104D3B99EA0}
	EndProjectSection
EndProject
Project("{8BC9CEB8-8B4A-11D0-8D11-00A0C91BC942}") = "lookaheadparser", "ESEngine\Vendor\rapidjson\example\lookaheadparser.vcxproj", "{0EA4989C-F435-30B3-8E32-8A197F25CB8D}"
	ProjectSection(ProjectDependencies) = postProject
		{BC2CBBEF-8DF1-3197-A039-5104D3B99EA0} = {BC2CBBEF-8DF1-3197-A039-5104D3B99EA0}
	EndProjectSection
EndProject
Project("{8BC9CEB8-8B4A-11D0-8D11-00A0C91BC942}") = "messagereader", "ESEngine\Vendor\rapidjson\example\messagereader.vcxproj", "{A6EE8A28-EE4A-3A48-B0B4-7D4ED1BE7C01}"
	ProjectSection(ProjectDependencies) = postProject
		{BC2CBBEF-8DF1-3197-A039-5104D3B99EA0} = {BC2CBBEF-8DF1-3197-A039-5104D3B99EA0}
	EndProjectSection
EndProject
Project("{8BC9CEB8-8B4A-11D0-8D11-00A0C91BC942}") = "parsebyparts", "ESEngine\Vendor\rapidjson\example\parsebyparts.vcxproj", "{B4F0FB7A-401B-30C2-974C-A5BDB0CF6D52}"
	ProjectSection(ProjectDependencies) = postProject
		{BC2CBBEF-8DF1-3197-A039-5104D3B99EA0} = {BC2CBBEF-8DF1-3197-A039-5104D3B99EA0}
	EndProjectSection
EndProject
Project("{8BC9CEB8-8B4A-11D0-8D11-00A0C91BC942}") = "pretty", "ESEngine\Vendor\rapidjson\example\pretty.vcxproj", "{FCEF0578-F6C6-3F0A-8FC0-06C1C19451A5}"
	ProjectSection(ProjectDependencies) = postProject
		{BC2CBBEF-8DF1-3197-A039-5104D3B99EA0} = {BC2CBBEF-8DF1-3197-A039-5104D3B99EA0}
	EndProjectSection
EndProject
Project("{8BC9CEB8-8B4A-11D0-8D11-00A0C91BC942}") = "prettyauto", "ESEngine\Vendor\rapidjson\example\prettyauto.vcxproj", "{DA26CB29-2457-386A-B8AC-DC2A16BFC113}"
	ProjectSection(ProjectDependencies) = postProject
		{BC2CBBEF-8DF1-3197-A039-5104D3B99EA0} = {BC2CBBEF-8DF1-3197-A039-5104D3B99EA0}
	EndProjectSection
EndProject
Project("{8BC9CEB8-8B4A-11D0-8D11-00A0C91BC942}") = "schemavalidator", "ESEngine\Vendor\rapidjson\example\schemavalidator.vcxproj", "{B70CEC3B-30FC-3981-9F21-864F3B5B906C}"
	ProjectSection(ProjectDependencies) = postProject
		{BC2CBBEF-8DF1-3197-A039-5104D3B99EA0} = {BC2CBBEF-8DF1-3197-A039-5104D3B99EA0}
	EndProjectSection
EndProject
Project("{8BC9CEB8-8B4A-11D0-8D11-00A0C91BC942}") = "serialize", "ESEngine\Vendor\rapidjson\example\serialize.vcxproj", "{BE6A801D-5024-3CEE-9168-C87828AF04B4}"
	ProjectSection(ProjectDependencies) = postProject
		{BC2CBBEF-8DF1-3197-A039-5104D3B99EA0} = {BC2CBBEF-8DF1-3197-A039-5104D3B99EA0}
	EndProjectSection
EndProject
Project("{8BC9CEB8-8B4A-11D0-8D11-00A0C91BC942}") = "simpledom", "ESEngine\Vendor\rapidjson\example\simpledom.vcxproj", "{39F1474B-81DA-365A-B47C-6A01E7810836}"
	ProjectSection(ProjectDependencies) = postProject
		{BC2CBBEF-8DF1-3197-A039-5104D3B99EA0} = {BC2CBBEF-8DF1-3197-A039-5104D3B99EA0}
	EndProjectSection
EndProject
Project("{8BC9CEB8-8B4A-11D0-8D11-00A0C91BC942}") = "simplepullreader", "ESEngine\Vendor\rapidjson\example\simplepullreader.vcxproj", "{FCF030FB-F253-3790-8808-A5D77DA23063}"
	ProjectSection(ProjectDependencies) = postProject
		{BC2CBBEF-8DF1-3197-A039-5104D3B99EA0} = {BC2CBBEF-8DF1-3197-A039-5104D3B99EA0}
	EndProjectSection
EndProject
Project("{8BC9CEB8-8B4A-11D0-8D11-00A0C91BC942}") = "simplereader", "ESEngine\Vendor\rapidjson\example\simplereader.vcxproj", "{17D27BF3-FD47-33A8-9152-5D8AACFFB6F4}"
	ProjectSection(ProjectDependencies) = postProject
		{BC2CBBEF-8DF1-3197-A039-5104D3B99EA0} = {BC2CBBEF-8DF1-3197-A039-5104D3B99EA0}
	EndProjectSection
EndProject
Project("{8BC9CEB8-8B4A-11D0-8D11-00A0C91BC942}") = "simplewriter", "ESEngine\Vendor\rapidjson\example\simplewriter.vcxproj", "{4C1DF5C6-190A-3F41-8F66-9EDE938B0477}"
	ProjectSection(ProjectDependencies) = postProject
		{BC2CBBEF-8DF1-3197-A039-5104D3B99EA0} = {BC2CBBEF-8DF1-3197-A039-5104D3B99EA0}
	EndProjectSection
EndProject
Project("{8BC9CEB8-8B4A-11D0-8D11-00A0C91BC942}") = "sortkeys", "ESEngine\Vendor\rapidjson\example\sortkeys.vcxproj", "{AEA4C14A-97C4-3585-BCA1-125371A03708}"
	ProjectSection(ProjectDependencies) = postProject
		{BC2CBBEF-8DF1-3197-A039-5104D3B99EA0} = {BC2CBBEF-8DF1-3197-A039-5104D3B99EA0}
	EndProjectSection
EndProject
Project("{8BC9CEB8-8B4A-11D0-8D11-00A0C91BC942}") = "travis_doc", "ESEngine\Vendor\rapidjson\travis_doc.vcxproj", "{7226787D-D714-3487-BE54-0204392FCF43}"
	ProjectSection(ProjectDependencies) = postProject
		{BC2CBBEF-8DF1-3197-A039-5104D3B99EA0} = {BC2CBBEF-8DF1-3197-A039-5104D3B99EA0}
	EndProjectSection
EndProject
Project("{8BC9CEB8-8B4A-11D0-8D11-00A0C91BC942}") = "tutorial", "ESEngine\Vendor\rapidjson\example\tutorial.vcxproj", "{DB5578BE-486B-3302-8276-A31E9DFD6577}"
	ProjectSection(ProjectDependencies) = postProject
		{BC2CBBEF-8DF1-3197-A039-5104D3B99EA0} = {BC2CBBEF-8DF1-3197-A039-5104D3B99EA0}
	EndProjectSection
EndProject
Project("{8BC9CEB8-8B4A-11D0-8D11-00A0C91BC942}") = "uninstall", "ESEngine\Vendor\glfw\uninstall.vcxproj", "{8388C01F-57B5-32C5-A9B3-4296CE99AB2C}"
	ProjectSection(ProjectDependencies) = postProject
		{BC2CBBEF-8DF1-3197-A039-5104D3B99EA0} = {BC2CBBEF-8DF1-3197-A039-5104D3B99EA0}
	EndProjectSection
EndProject
Global
	GlobalSection(SolutionConfigurationPlatforms) = preSolution
		Debug|x64 = Debug|x64
		Release|x64 = Release|x64
		MinSizeRel|x64 = MinSizeRel|x64
		RelWithDebInfo|x64 = RelWithDebInfo|x64
	EndGlobalSection
	GlobalSection(ProjectConfigurationPlatforms) = postSolution
		{E19FCD4D-3750-3104-A5A1-6CD316EA5747}.Debug|x64.ActiveCfg = Debug|x64
		{E19FCD4D-3750-3104-A5A1-6CD316EA5747}.Debug|x64.Build.0 = Debug|x64
		{E19FCD4D-3750-3104-A5A1-6CD316EA5747}.Release|x64.ActiveCfg = Release|x64
		{E19FCD4D-3750-3104-A5A1-6CD316EA5747}.Release|x64.Build.0 = Release|x64
		{E19FCD4D-3750-3104-A5A1-6CD316EA5747}.MinSizeRel|x64.ActiveCfg = MinSizeRel|x64
		{E19FCD4D-3750-3104-A5A1-6CD316EA5747}.MinSizeRel|x64.Build.0 = MinSizeRel|x64
		{E19FCD4D-3750-3104-A5A1-6CD316EA5747}.RelWithDebInfo|x64.ActiveCfg = RelWithDebInfo|x64
		{E19FCD4D-3750-3104-A5A1-6CD316EA5747}.RelWithDebInfo|x64.Build.0 = RelWithDebInfo|x64
		{F3F920A4-ACED-3446-A561-CA99BDE03005}.Debug|x64.ActiveCfg = Debug|x64
		{F3F920A4-ACED-3446-A561-CA99BDE03005}.Debug|x64.Build.0 = Debug|x64
		{F3F920A4-ACED-3446-A561-CA99BDE03005}.Release|x64.ActiveCfg = Release|x64
		{F3F920A4-ACED-3446-A561-CA99BDE03005}.Release|x64.Build.0 = Release|x64
		{F3F920A4-ACED-3446-A561-CA99BDE03005}.MinSizeRel|x64.ActiveCfg = MinSizeRel|x64
		{F3F920A4-ACED-3446-A561-CA99BDE03005}.MinSizeRel|x64.Build.0 = MinSizeRel|x64
		{F3F920A4-ACED-3446-A561-CA99BDE03005}.RelWithDebInfo|x64.ActiveCfg = RelWithDebInfo|x64
		{F3F920A4-ACED-3446-A561-CA99BDE03005}.RelWithDebInfo|x64.Build.0 = RelWithDebInfo|x64
		{570C2E45-F5B6-3D67-8477-3F327C36FE1F}.Debug|x64.ActiveCfg = Debug|x64
		{570C2E45-F5B6-3D67-8477-3F327C36FE1F}.Debug|x64.Build.0 = Debug|x64
		{570C2E45-F5B6-3D67-8477-3F327C36FE1F}.Release|x64.ActiveCfg = Release|x64
		{570C2E45-F5B6-3D67-8477-3F327C36FE1F}.Release|x64.Build.0 = Release|x64
		{570C2E45-F5B6-3D67-8477-3F327C36FE1F}.MinSizeRel|x64.ActiveCfg = MinSizeRel|x64
		{570C2E45-F5B6-3D67-8477-3F327C36FE1F}.MinSizeRel|x64.Build.0 = MinSizeRel|x64
		{570C2E45-F5B6-3D67-8477-3F327C36FE1F}.RelWithDebInfo|x64.ActiveCfg = RelWithDebInfo|x64
		{570C2E45-F5B6-3D67-8477-3F327C36FE1F}.RelWithDebInfo|x64.Build.0 = RelWithDebInfo|x64
		{60711431-C4B1-3DBD-A566-AB690B680B1C}.Debug|x64.ActiveCfg = Debug|x64
		{60711431-C4B1-3DBD-A566-AB690B680B1C}.Debug|x64.Build.0 = Debug|x64
		{60711431-C4B1-3DBD-A566-AB690B680B1C}.Release|x64.ActiveCfg = Release|x64
		{60711431-C4B1-3DBD-A566-AB690B680B1C}.Release|x64.Build.0 = Release|x64
		{60711431-C4B1-3DBD-A566-AB690B680B1C}.MinSizeRel|x64.ActiveCfg = MinSizeRel|x64
		{60711431-C4B1-3DBD-A566-AB690B680B1C}.MinSizeRel|x64.Build.0 = MinSizeRel|x64
		{60711431-C4B1-3DBD-A566-AB690B680B1C}.RelWithDebInfo|x64.ActiveCfg = RelWithDebInfo|x64
		{60711431-C4B1-3DBD-A566-AB690B680B1C}.RelWithDebInfo|x64.Build.0 = RelWithDebInfo|x64
		{47DB4A5D-6F41-3EDF-9722-00A4762552D3}.Debug|x64.ActiveCfg = Debug|x64
		{47DB4A5D-6F41-3EDF-9722-00A4762552D3}.Debug|x64.Build.0 = Debug|x64
		{47DB4A5D-6F41-3EDF-9722-00A4762552D3}.Release|x64.ActiveCfg = Release|x64
		{47DB4A5D-6F41-3EDF-9722-00A4762552D3}.Release|x64.Build.0 = Release|x64
		{47DB4A5D-6F41-3EDF-9722-00A4762552D3}.MinSizeRel|x64.ActiveCfg = MinSizeRel|x64
		{47DB4A5D-6F41-3EDF-9722-00A4762552D3}.MinSizeRel|x64.Build.0 = MinSizeRel|x64
		{47DB4A5D-6F41-3EDF-9722-00A4762552D3}.RelWithDebInfo|x64.ActiveCfg = RelWithDebInfo|x64
		{47DB4A5D-6F41-3EDF-9722-00A4762552D3}.RelWithDebInfo|x64.Build.0 = RelWithDebInfo|x64
		{27F1B278-79F3-339C-A390-9860D522C709}.Debug|x64.ActiveCfg = Debug|x64
		{27F1B278-79F3-339C-A390-9860D522C709}.Debug|x64.Build.0 = Debug|x64
		{27F1B278-79F3-339C-A390-9860D522C709}.Release|x64.ActiveCfg = Release|x64
		{27F1B278-79F3-339C-A390-9860D522C709}.Release|x64.Build.0 = Release|x64
		{27F1B278-79F3-339C-A390-9860D522C709}.MinSizeRel|x64.ActiveCfg = MinSizeRel|x64
		{27F1B278-79F3-339C-A390-9860D522C709}.MinSizeRel|x64.Build.0 = MinSizeRel|x64
		{27F1B278-79F3-339C-A390-9860D522C709}.RelWithDebInfo|x64.ActiveCfg = RelWithDebInfo|x64
		{27F1B278-79F3-339C-A390-9860D522C709}.RelWithDebInfo|x64.Build.0 = RelWithDebInfo|x64
		{0483F21B-ABFB-3D5E-9BC2-A03D2C29D484}.Debug|x64.ActiveCfg = Debug|x64
		{0483F21B-ABFB-3D5E-9BC2-A03D2C29D484}.Debug|x64.Build.0 = Debug|x64
		{0483F21B-ABFB-3D5E-9BC2-A03D2C29D484}.Release|x64.ActiveCfg = Release|x64
		{0483F21B-ABFB-3D5E-9BC2-A03D2C29D484}.Release|x64.Build.0 = Release|x64
		{0483F21B-ABFB-3D5E-9BC2-A03D2C29D484}.MinSizeRel|x64.ActiveCfg = MinSizeRel|x64
		{0483F21B-ABFB-3D5E-9BC2-A03D2C29D484}.MinSizeRel|x64.Build.0 = MinSizeRel|x64
		{0483F21B-ABFB-3D5E-9BC2-A03D2C29D484}.RelWithDebInfo|x64.ActiveCfg = RelWithDebInfo|x64
		{0483F21B-ABFB-3D5E-9BC2-A03D2C29D484}.RelWithDebInfo|x64.Build.0 = RelWithDebInfo|x64
		{46AE66CE-DB22-349D-B9AF-F0C38223456B}.Debug|x64.ActiveCfg = Debug|x64
		{46AE66CE-DB22-349D-B9AF-F0C38223456B}.Debug|x64.Build.0 = Debug|x64
		{46AE66CE-DB22-349D-B9AF-F0C38223456B}.Release|x64.ActiveCfg = Release|x64
		{46AE66CE-DB22-349D-B9AF-F0C38223456B}.Release|x64.Build.0 = Release|x64
		{46AE66CE-DB22-349D-B9AF-F0C38223456B}.MinSizeRel|x64.ActiveCfg = MinSizeRel|x64
		{46AE66CE-DB22-349D-B9AF-F0C38223456B}.MinSizeRel|x64.Build.0 = MinSizeRel|x64
		{46AE66CE-DB22-349D-B9AF-F0C38223456B}.RelWithDebInfo|x64.ActiveCfg = RelWithDebInfo|x64
		{46AE66CE-DB22-349D-B9AF-F0C38223456B}.RelWithDebInfo|x64.Build.0 = RelWithDebInfo|x64
		{E2D88C18-3866-3016-A0A8-8EE3B7BE55E1}.Debug|x64.ActiveCfg = Debug|x64
		{E2D88C18-3866-3016-A0A8-8EE3B7BE55E1}.Debug|x64.Build.0 = Debug|x64
		{E2D88C18-3866-3016-A0A8-8EE3B7BE55E1}.Release|x64.ActiveCfg = Release|x64
		{E2D88C18-3866-3016-A0A8-8EE3B7BE55E1}.Release|x64.Build.0 = Release|x64
		{E2D88C18-3866-3016-A0A8-8EE3B7BE55E1}.MinSizeRel|x64.ActiveCfg = MinSizeRel|x64
		{E2D88C18-3866-3016-A0A8-8EE3B7BE55E1}.MinSizeRel|x64.Build.0 = MinSizeRel|x64
		{E2D88C18-3866-3016-A0A8-8EE3B7BE55E1}.RelWithDebInfo|x64.ActiveCfg = RelWithDebInfo|x64
		{E2D88C18-3866-3016-A0A8-8EE3B7BE55E1}.RelWithDebInfo|x64.Build.0 = RelWithDebInfo|x64
		{10B39CDB-277C-385B-B78E-2E1E44164DDB}.Debug|x64.ActiveCfg = Debug|x64
		{10B39CDB-277C-385B-B78E-2E1E44164DDB}.Debug|x64.Build.0 = Debug|x64
		{10B39CDB-277C-385B-B78E-2E1E44164DDB}.Release|x64.ActiveCfg = Release|x64
		{10B39CDB-277C-385B-B78E-2E1E44164DDB}.Release|x64.Build.0 = Release|x64
		{10B39CDB-277C-385B-B78E-2E1E44164DDB}.MinSizeRel|x64.ActiveCfg = MinSizeRel|x64
		{10B39CDB-277C-385B-B78E-2E1E44164DDB}.MinSizeRel|x64.Build.0 = MinSizeRel|x64
		{10B39CDB-277C-385B-B78E-2E1E44164DDB}.RelWithDebInfo|x64.ActiveCfg = RelWithDebInfo|x64
		{10B39CDB-277C-385B-B78E-2E1E44164DDB}.RelWithDebInfo|x64.Build.0 = RelWithDebInfo|x64
		{40DF03BE-B128-3FD1-BD33-4054AC579043}.Debug|x64.ActiveCfg = Debug|x64
		{40DF03BE-B128-3FD1-BD33-4054AC579043}.Debug|x64.Build.0 = Debug|x64
		{40DF03BE-B128-3FD1-BD33-4054AC579043}.Release|x64.ActiveCfg = Release|x64
		{40DF03BE-B128-3FD1-BD33-4054AC579043}.Release|x64.Build.0 = Release|x64
		{40DF03BE-B128-3FD1-BD33-4054AC579043}.MinSizeRel|x64.ActiveCfg = MinSizeRel|x64
		{40DF03BE-B128-3FD1-BD33-4054AC579043}.MinSizeRel|x64.Build.0 = MinSizeRel|x64
		{40DF03BE-B128-3FD1-BD33-4054AC579043}.RelWithDebInfo|x64.ActiveCfg = RelWithDebInfo|x64
		{40DF03BE-B128-3FD1-BD33-4054AC579043}.RelWithDebInfo|x64.Build.0 = RelWithDebInfo|x64
		{A8FEC29A-9E11-31FC-8C1D-48D6A6BE01C2}.Debug|x64.ActiveCfg = Debug|x64
		{A8FEC29A-9E11-31FC-8C1D-48D6A6BE01C2}.Release|x64.ActiveCfg = Release|x64
		{A8FEC29A-9E11-31FC-8C1D-48D6A6BE01C2}.MinSizeRel|x64.ActiveCfg = MinSizeRel|x64
		{A8FEC29A-9E11-31FC-8C1D-48D6A6BE01C2}.RelWithDebInfo|x64.ActiveCfg = RelWithDebInfo|x64
		{DE832356-4A8D-3119-89D4-91E2C42EEAB6}.Debug|x64.ActiveCfg = Debug|x64
		{DE832356-4A8D-3119-89D4-91E2C42EEAB6}.Debug|x64.Build.0 = Debug|x64
		{DE832356-4A8D-3119-89D4-91E2C42EEAB6}.Release|x64.ActiveCfg = Release|x64
		{DE832356-4A8D-3119-89D4-91E2C42EEAB6}.Release|x64.Build.0 = Release|x64
		{DE832356-4A8D-3119-89D4-91E2C42EEAB6}.MinSizeRel|x64.ActiveCfg = MinSizeRel|x64
		{DE832356-4A8D-3119-89D4-91E2C42EEAB6}.MinSizeRel|x64.Build.0 = MinSizeRel|x64
		{DE832356-4A8D-3119-89D4-91E2C42EEAB6}.RelWithDebInfo|x64.ActiveCfg = RelWithDebInfo|x64
		{DE832356-4A8D-3119-89D4-91E2C42EEAB6}.RelWithDebInfo|x64.Build.0 = RelWithDebInfo|x64
		{A0D3090A-BF26-3D87-83D7-9D094A3E2397}.Debug|x64.ActiveCfg = Debug|x64
		{A0D3090A-BF26-3D87-83D7-9D094A3E2397}.Release|x64.ActiveCfg = Release|x64
		{A0D3090A-BF26-3D87-83D7-9D094A3E2397}.MinSizeRel|x64.ActiveCfg = MinSizeRel|x64
		{A0D3090A-BF26-3D87-83D7-9D094A3E2397}.RelWithDebInfo|x64.ActiveCfg = RelWithDebInfo|x64
		{66021F7D-FBAE-32D3-8399-D9BFD477725D}.Debug|x64.ActiveCfg = Debug|x64
		{66021F7D-FBAE-32D3-8399-D9BFD477725D}.Release|x64.ActiveCfg = Release|x64
		{66021F7D-FBAE-32D3-8399-D9BFD477725D}.MinSizeRel|x64.ActiveCfg = MinSizeRel|x64
		{66021F7D-FBAE-32D3-8399-D9BFD477725D}.RelWithDebInfo|x64.ActiveCfg = RelWithDebInfo|x64
		{04CD99E0-6E40-39BC-8A88-C2508CAE4B85}.Debug|x64.ActiveCfg = Debug|x64
		{04CD99E0-6E40-39BC-8A88-C2508CAE4B85}.Debug|x64.Build.0 = Debug|x64
		{04CD99E0-6E40-39BC-8A88-C2508CAE4B85}.Release|x64.ActiveCfg = Release|x64
		{04CD99E0-6E40-39BC-8A88-C2508CAE4B85}.Release|x64.Build.0 = Release|x64
		{04CD99E0-6E40-39BC-8A88-C2508CAE4B85}.MinSizeRel|x64.ActiveCfg = MinSizeRel|x64
		{04CD99E0-6E40-39BC-8A88-C2508CAE4B85}.MinSizeRel|x64.Build.0 = MinSizeRel|x64
		{04CD99E0-6E40-39BC-8A88-C2508CAE4B85}.RelWithDebInfo|x64.ActiveCfg = RelWithDebInfo|x64
		{04CD99E0-6E40-39BC-8A88-C2508CAE4B85}.RelWithDebInfo|x64.Build.0 = RelWithDebInfo|x64
		{8E9F7959-8D3A-3841-896B-E8251774BE5B}.Debug|x64.ActiveCfg = Debug|x64
		{8E9F7959-8D3A-3841-896B-E8251774BE5B}.Release|x64.ActiveCfg = Release|x64
		{8E9F7959-8D3A-3841-896B-E8251774BE5B}.MinSizeRel|x64.ActiveCfg = MinSizeRel|x64
		{8E9F7959-8D3A-3841-896B-E8251774BE5B}.RelWithDebInfo|x64.ActiveCfg = RelWithDebInfo|x64
		{0F31407D-A0B4-3AB7-84D2-AE1EE076CC79}.Debug|x64.ActiveCfg = Debug|x64
		{0F31407D-A0B4-3AB7-84D2-AE1EE076CC79}.Release|x64.ActiveCfg = Release|x64
		{0F31407D-A0B4-3AB7-84D2-AE1EE076CC79}.MinSizeRel|x64.ActiveCfg = MinSizeRel|x64
		{0F31407D-A0B4-3AB7-84D2-AE1EE076CC79}.RelWithDebInfo|x64.ActiveCfg = RelWithDebInfo|x64
		{BC2CBBEF-8DF1-3197-A039-5104D3B99EA0}.Debug|x64.ActiveCfg = Debug|x64
		{BC2CBBEF-8DF1-3197-A039-5104D3B99EA0}.Debug|x64.Build.0 = Debug|x64
		{BC2CBBEF-8DF1-3197-A039-5104D3B99EA0}.Release|x64.ActiveCfg = Release|x64
		{BC2CBBEF-8DF1-3197-A039-5104D3B99EA0}.Release|x64.Build.0 = Release|x64
		{BC2CBBEF-8DF1-3197-A039-5104D3B99EA0}.MinSizeRel|x64.ActiveCfg = MinSizeRel|x64
		{BC2CBBEF-8DF1-3197-A039-5104D3B99EA0}.MinSizeRel|x64.Build.0 = MinSizeRel|x64
		{BC2CBBEF-8DF1-3197-A039-5104D3B99EA0}.RelWithDebInfo|x64.ActiveCfg = RelWithDebInfo|x64
		{BC2CBBEF-8DF1-3197-A039-5104D3B99EA0}.RelWithDebInfo|x64.Build.0 = RelWithDebInfo|x64
		{AD5D7B13-8397-371F-9F00-716DB346C015}.Debug|x64.ActiveCfg = Debug|x64
		{AD5D7B13-8397-371F-9F00-716DB346C015}.Debug|x64.Build.0 = Debug|x64
		{AD5D7B13-8397-371F-9F00-716DB346C015}.Release|x64.ActiveCfg = Release|x64
		{AD5D7B13-8397-371F-9F00-716DB346C015}.Release|x64.Build.0 = Release|x64
		{AD5D7B13-8397-371F-9F00-716DB346C015}.MinSizeRel|x64.ActiveCfg = MinSizeRel|x64
		{AD5D7B13-8397-371F-9F00-716DB346C015}.MinSizeRel|x64.Build.0 = MinSizeRel|x64
		{AD5D7B13-8397-371F-9F00-716DB346C015}.RelWithDebInfo|x64.ActiveCfg = RelWithDebInfo|x64
		{AD5D7B13-8397-371F-9F00-716DB346C015}.RelWithDebInfo|x64.Build.0 = RelWithDebInfo|x64
		{AD5DE330-9272-3CCC-8033-8515F9E11505}.Debug|x64.ActiveCfg = Debug|x64
		{AD5DE330-9272-3CCC-8033-8515F9E11505}.Debug|x64.Build.0 = Debug|x64
		{AD5DE330-9272-3CCC-8033-8515F9E11505}.Release|x64.ActiveCfg = Release|x64
		{AD5DE330-9272-3CCC-8033-8515F9E11505}.Release|x64.Build.0 = Release|x64
		{AD5DE330-9272-3CCC-8033-8515F9E11505}.MinSizeRel|x64.ActiveCfg = MinSizeRel|x64
		{AD5DE330-9272-3CCC-8033-8515F9E11505}.MinSizeRel|x64.Build.0 = MinSizeRel|x64
		{AD5DE330-9272-3CCC-8033-8515F9E11505}.RelWithDebInfo|x64.ActiveCfg = RelWithDebInfo|x64
		{AD5DE330-9272-3CCC-8033-8515F9E11505}.RelWithDebInfo|x64.Build.0 = RelWithDebInfo|x64
		{5FBF87D4-5018-3D30-B678-31875F4677BD}.Debug|x64.ActiveCfg = Debug|x64
		{5FBF87D4-5018-3D30-B678-31875F4677BD}.Debug|x64.Build.0 = Debug|x64
		{5FBF87D4-5018-3D30-B678-31875F4677BD}.Release|x64.ActiveCfg = Release|x64
		{5FBF87D4-5018-3D30-B678-31875F4677BD}.Release|x64.Build.0 = Release|x64
		{5FBF87D4-5018-3D30-B678-31875F4677BD}.MinSizeRel|x64.ActiveCfg = MinSizeRel|x64
		{5FBF87D4-5018-3D30-B678-31875F4677BD}.MinSizeRel|x64.Build.0 = MinSizeRel|x64
		{5FBF87D4-5018-3D30-B678-31875F4677BD}.RelWithDebInfo|x64.ActiveCfg = RelWithDebInfo|x64
		{5FBF87D4-5018-3D30-B678-31875F4677BD}.RelWithDebInfo|x64.Build.0 = RelWithDebInfo|x64
		{42334A48-804C-33B2-8189-F71703B9A7E0}.Debug|x64.ActiveCfg = Debug|x64
		{42334A48-804C-33B2-8189-F71703B9A7E0}.Debug|x64.Build.0 = Debug|x64
		{42334A48-804C-33B2-8189-F71703B9A7E0}.Release|x64.ActiveCfg = Release|x64
		{42334A48-804C-33B2-8189-F71703B9A7E0}.Release|x64.Build.0 = Release|x64
		{42334A48-804C-33B2-8189-F71703B9A7E0}.MinSizeRel|x64.ActiveCfg = MinSizeRel|x64
		{42334A48-804C-33B2-8189-F71703B9A7E0}.MinSizeRel|x64.Build.0 = MinSizeRel|x64
		{42334A48-804C-33B2-8189-F71703B9A7E0}.RelWithDebInfo|x64.ActiveCfg = RelWithDebInfo|x64
		{42334A48-804C-33B2-8189-F71703B9A7E0}.RelWithDebInfo|x64.Build.0 = RelWithDebInfo|x64
		{6183D45E-FE3C-351E-9DE1-C57DE6E619B0}.Debug|x64.ActiveCfg = Debug|x64
		{6183D45E-FE3C-351E-9DE1-C57DE6E619B0}.Debug|x64.Build.0 = Debug|x64
		{6183D45E-FE3C-351E-9DE1-C57DE6E619B0}.Release|x64.ActiveCfg = Release|x64
		{6183D45E-FE3C-351E-9DE1-C57DE6E619B0}.Release|x64.Build.0 = Release|x64
		{6183D45E-FE3C-351E-9DE1-C57DE6E619B0}.MinSizeRel|x64.ActiveCfg = MinSizeRel|x64
		{6183D45E-FE3C-351E-9DE1-C57DE6E619B0}.MinSizeRel|x64.Build.0 = MinSizeRel|x64
		{6183D45E-FE3C-351E-9DE1-C57DE6E619B0}.RelWithDebInfo|x64.ActiveCfg = RelWithDebInfo|x64
		{6183D45E-FE3C-351E-9DE1-C57DE6E619B0}.RelWithDebInfo|x64.Build.0 = RelWithDebInfo|x64
		{D35FCF5E-2FFA-3A8B-A62F-20ADA5B4B3CC}.Debug|x64.ActiveCfg = Debug|x64
		{D35FCF5E-2FFA-3A8B-A62F-20ADA5B4B3CC}.Debug|x64.Build.0 = Debug|x64
		{D35FCF5E-2FFA-3A8B-A62F-20ADA5B4B3CC}.Release|x64.ActiveCfg = Release|x64
		{D35FCF5E-2FFA-3A8B-A62F-20ADA5B4B3CC}.Release|x64.Build.0 = Release|x64
		{D35FCF5E-2FFA-3A8B-A62F-20ADA5B4B3CC}.MinSizeRel|x64.ActiveCfg = MinSizeRel|x64
		{D35FCF5E-2FFA-3A8B-A62F-20ADA5B4B3CC}.MinSizeRel|x64.Build.0 = MinSizeRel|x64
		{D35FCF5E-2FFA-3A8B-A62F-20ADA5B4B3CC}.RelWithDebInfo|x64.ActiveCfg = RelWithDebInfo|x64
		{D35FCF5E-2FFA-3A8B-A62F-20ADA5B4B3CC}.RelWithDebInfo|x64.Build.0 = RelWithDebInfo|x64
		{15892308-858E-3D6F-99FB-D0CEC91BD028}.Debug|x64.ActiveCfg = Debug|x64
		{15892308-858E-3D6F-99FB-D0CEC91BD028}.Debug|x64.Build.0 = Debug|x64
		{15892308-858E-3D6F-99FB-D0CEC91BD028}.Release|x64.ActiveCfg = Release|x64
		{15892308-858E-3D6F-99FB-D0CEC91BD028}.Release|x64.Build.0 = Release|x64
		{15892308-858E-3D6F-99FB-D0CEC91BD028}.MinSizeRel|x64.ActiveCfg = MinSizeRel|x64
		{15892308-858E-3D6F-99FB-D0CEC91BD028}.MinSizeRel|x64.Build.0 = MinSizeRel|x64
		{15892308-858E-3D6F-99FB-D0CEC91BD028}.RelWithDebInfo|x64.ActiveCfg = RelWithDebInfo|x64
		{15892308-858E-3D6F-99FB-D0CEC91BD028}.RelWithDebInfo|x64.Build.0 = RelWithDebInfo|x64
		{5C0434C9-B8B9-308D-9FFA-2B21B36CFE34}.Debug|x64.ActiveCfg = Debug|x64
		{5C0434C9-B8B9-308D-9FFA-2B21B36CFE34}.Debug|x64.Build.0 = Debug|x64
		{5C0434C9-B8B9-308D-9FFA-2B21B36CFE34}.Release|x64.ActiveCfg = Release|x64
		{5C0434C9-B8B9-308D-9FFA-2B21B36CFE34}.Release|x64.Build.0 = Release|x64
		{5C0434C9-B8B9-308D-9FFA-2B21B36CFE34}.MinSizeRel|x64.ActiveCfg = MinSizeRel|x64
		{5C0434C9-B8B9-308D-9FFA-2B21B36CFE34}.MinSizeRel|x64.Build.0 = MinSizeRel|x64
		{5C0434C9-B8B9-308D-9FFA-2B21B36CFE34}.RelWithDebInfo|x64.ActiveCfg = RelWithDebInfo|x64
		{5C0434C9-B8B9-308D-9FFA-2B21B36CFE34}.RelWithDebInfo|x64.Build.0 = RelWithDebInfo|x64
		{0EA4989C-F435-30B3-8E32-8A197F25CB8D}.Debug|x64.ActiveCfg = Debug|x64
		{0EA4989C-F435-30B3-8E32-8A197F25CB8D}.Debug|x64.Build.0 = Debug|x64
		{0EA4989C-F435-30B3-8E32-8A197F25CB8D}.Release|x64.ActiveCfg = Release|x64
		{0EA4989C-F435-30B3-8E32-8A197F25CB8D}.Release|x64.Build.0 = Release|x64
		{0EA4989C-F435-30B3-8E32-8A197F25CB8D}.MinSizeRel|x64.ActiveCfg = MinSizeRel|x64
		{0EA4989C-F435-30B3-8E32-8A197F25CB8D}.MinSizeRel|x64.Build.0 = MinSizeRel|x64
		{0EA4989C-F435-30B3-8E32-8A197F25CB8D}.RelWithDebInfo|x64.ActiveCfg = RelWithDebInfo|x64
		{0EA4989C-F435-30B3-8E32-8A197F25CB8D}.RelWithDebInfo|x64.Build.0 = RelWithDebInfo|x64
		{A6EE8A28-EE4A-3A48-B0B4-7D4ED1BE7C01}.Debug|x64.ActiveCfg = Debug|x64
		{A6EE8A28-EE4A-3A48-B0B4-7D4ED1BE7C01}.Debug|x64.Build.0 = Debug|x64
		{A6EE8A28-EE4A-3A48-B0B4-7D4ED1BE7C01}.Release|x64.ActiveCfg = Release|x64
		{A6EE8A28-EE4A-3A48-B0B4-7D4ED1BE7C01}.Release|x64.Build.0 = Release|x64
		{A6EE8A28-EE4A-3A48-B0B4-7D4ED1BE7C01}.MinSizeRel|x64.ActiveCfg = MinSizeRel|x64
		{A6EE8A28-EE4A-3A48-B0B4-7D4ED1BE7C01}.MinSizeRel|x64.Build.0 = MinSizeRel|x64
		{A6EE8A28-EE4A-3A48-B0B4-7D4ED1BE7C01}.RelWithDebInfo|x64.ActiveCfg = RelWithDebInfo|x64
		{A6EE8A28-EE4A-3A48-B0B4-7D4ED1BE7C01}.RelWithDebInfo|x64.Build.0 = RelWithDebInfo|x64
		{B4F0FB7A-401B-30C2-974C-A5BDB0CF6D52}.Debug|x64.ActiveCfg = Debug|x64
		{B4F0FB7A-401B-30C2-974C-A5BDB0CF6D52}.Debug|x64.Build.0 = Debug|x64
		{B4F0FB7A-401B-30C2-974C-A5BDB0CF6D52}.Release|x64.ActiveCfg = Release|x64
		{B4F0FB7A-401B-30C2-974C-A5BDB0CF6D52}.Release|x64.Build.0 = Release|x64
		{B4F0FB7A-401B-30C2-974C-A5BDB0CF6D52}.MinSizeRel|x64.ActiveCfg = MinSizeRel|x64
		{B4F0FB7A-401B-30C2-974C-A5BDB0CF6D52}.MinSizeRel|x64.Build.0 = MinSizeRel|x64
		{B4F0FB7A-401B-30C2-974C-A5BDB0CF6D52}.RelWithDebInfo|x64.ActiveCfg = RelWithDebInfo|x64
		{B4F0FB7A-401B-30C2-974C-A5BDB0CF6D52}.RelWithDebInfo|x64.Build.0 = RelWithDebInfo|x64
		{FCEF0578-F6C6-3F0A-8FC0-06C1C19451A5}.Debug|x64.ActiveCfg = Debug|x64
		{FCEF0578-F6C6-3F0A-8FC0-06C1C19451A5}.Debug|x64.Build.0 = Debug|x64
		{FCEF0578-F6C6-3F0A-8FC0-06C1C19451A5}.Release|x64.ActiveCfg = Release|x64
		{FCEF0578-F6C6-3F0A-8FC0-06C1C19451A5}.Release|x64.Build.0 = Release|x64
		{FCEF0578-F6C6-3F0A-8FC0-06C1C19451A5}.MinSizeRel|x64.ActiveCfg = MinSizeRel|x64
		{FCEF0578-F6C6-3F0A-8FC0-06C1C19451A5}.MinSizeRel|x64.Build.0 = MinSizeRel|x64
		{FCEF0578-F6C6-3F0A-8FC0-06C1C19451A5}.RelWithDebInfo|x64.ActiveCfg = RelWithDebInfo|x64
		{FCEF0578-F6C6-3F0A-8FC0-06C1C19451A5}.RelWithDebInfo|x64.Build.0 = RelWithDebInfo|x64
		{DA26CB29-2457-386A-B8AC-DC2A16BFC113}.Debug|x64.ActiveCfg = Debug|x64
		{DA26CB29-2457-386A-B8AC-DC2A16BFC113}.Debug|x64.Build.0 = Debug|x64
		{DA26CB29-2457-386A-B8AC-DC2A16BFC113}.Release|x64.ActiveCfg = Release|x64
		{DA26CB29-2457-386A-B8AC-DC2A16BFC113}.Release|x64.Build.0 = Release|x64
		{DA26CB29-2457-386A-B8AC-DC2A16BFC113}.MinSizeRel|x64.ActiveCfg = MinSizeRel|x64
		{DA26CB29-2457-386A-B8AC-DC2A16BFC113}.MinSizeRel|x64.Build.0 = MinSizeRel|x64
		{DA26CB29-2457-386A-B8AC-DC2A16BFC113}.RelWithDebInfo|x64.ActiveCfg = RelWithDebInfo|x64
		{DA26CB29-2457-386A-B8AC-DC2A16BFC113}.RelWithDebInfo|x64.Build.0 = RelWithDebInfo|x64
		{B70CEC3B-30FC-3981-9F21-864F3B5B906C}.Debug|x64.ActiveCfg = Debug|x64
		{B70CEC3B-30FC-3981-9F21-864F3B5B906C}.Debug|x64.Build.0 = Debug|x64
		{B70CEC3B-30FC-3981-9F21-864F3B5B906C}.Release|x64.ActiveCfg = Release|x64
		{B70CEC3B-30FC-3981-9F21-864F3B5B906C}.Release|x64.Build.0 = Release|x64
		{B70CEC3B-30FC-3981-9F21-864F3B5B906C}.MinSizeRel|x64.ActiveCfg = MinSizeRel|x64
		{B70CEC3B-30FC-3981-9F21-864F3B5B906C}.MinSizeRel|x64.Build.0 = MinSizeRel|x64
		{B70CEC3B-30FC-3981-9F21-864F3B5B906C}.RelWithDebInfo|x64.ActiveCfg = RelWithDebInfo|x64
		{B70CEC3B-30FC-3981-9F21-864F3B5B906C}.RelWithDebInfo|x64.Build.0 = RelWithDebInfo|x64
		{BE6A801D-5024-3CEE-9168-C87828AF04B4}.Debug|x64.ActiveCfg = Debug|x64
		{BE6A801D-5024-3CEE-9168-C87828AF04B4}.Debug|x64.Build.0 = Debug|x64
		{BE6A801D-5024-3CEE-9168-C87828AF04B4}.Release|x64.ActiveCfg = Release|x64
		{BE6A801D-5024-3CEE-9168-C87828AF04B4}.Release|x64.Build.0 = Release|x64
		{BE6A801D-5024-3CEE-9168-C87828AF04B4}.MinSizeRel|x64.ActiveCfg = MinSizeRel|x64
		{BE6A801D-5024-3CEE-9168-C87828AF04B4}.MinSizeRel|x64.Build.0 = MinSizeRel|x64
		{BE6A801D-5024-3CEE-9168-C87828AF04B4}.RelWithDebInfo|x64.ActiveCfg = RelWithDebInfo|x64
		{BE6A801D-5024-3CEE-9168-C87828AF04B4}.RelWithDebInfo|x64.Build.0 = RelWithDebInfo|x64
		{39F1474B-81DA-365A-B47C-6A01E7810836}.Debug|x64.ActiveCfg = Debug|x64
		{39F1474B-81DA-365A-B47C-6A01E7810836}.Debug|x64.Build.0 = Debug|x64
		{39F1474B-81DA-365A-B47C-6A01E7810836}.Release|x64.ActiveCfg = Release|x64
		{39F1474B-81DA-365A-B47C-6A01E7810836}.Release|x64.Build.0 = Release|x64
		{39F1474B-81DA-365A-B47C-6A01E7810836}.MinSizeRel|x64.ActiveCfg = MinSizeRel|x64
		{39F1474B-81DA-365A-B47C-6A01E7810836}.MinSizeRel|x64.Build.0 = MinSizeRel|x64
		{39F1474B-81DA-365A-B47C-6A01E7810836}.RelWithDebInfo|x64.ActiveCfg = RelWithDebInfo|x64
		{39F1474B-81DA-365A-B47C-6A01E7810836}.RelWithDebInfo|x64.Build.0 = RelWithDebInfo|x64
		{FCF030FB-F253-3790-8808-A5D77DA23063}.Debug|x64.ActiveCfg = Debug|x64
		{FCF030FB-F253-3790-8808-A5D77DA23063}.Debug|x64.Build.0 = Debug|x64
		{FCF030FB-F253-3790-8808-A5D77DA23063}.Release|x64.ActiveCfg = Release|x64
		{FCF030FB-F253-3790-8808-A5D77DA23063}.Release|x64.Build.0 = Release|x64
		{FCF030FB-F253-3790-8808-A5D77DA23063}.MinSizeRel|x64.ActiveCfg = MinSizeRel|x64
		{FCF030FB-F253-3790-8808-A5D77DA23063}.MinSizeRel|x64.Build.0 = MinSizeRel|x64
		{FCF030FB-F253-3790-8808-A5D77DA23063}.RelWithDebInfo|x64.ActiveCfg = RelWithDebInfo|x64
		{FCF030FB-F253-3790-8808-A5D77DA23063}.RelWithDebInfo|x64.Build.0 = RelWithDebInfo|x64
		{17D27BF3-FD47-33A8-9152-5D8AACFFB6F4}.Debug|x64.ActiveCfg = Debug|x64
		{17D27BF3-FD47-33A8-9152-5D8AACFFB6F4}.Debug|x64.Build.0 = Debug|x64
		{17D27BF3-FD47-33A8-9152-5D8AACFFB6F4}.Release|x64.ActiveCfg = Release|x64
		{17D27BF3-FD47-33A8-9152-5D8AACFFB6F4}.Release|x64.Build.0 = Release|x64
		{17D27BF3-FD47-33A8-9152-5D8AACFFB6F4}.MinSizeRel|x64.ActiveCfg = MinSizeRel|x64
		{17D27BF3-FD47-33A8-9152-5D8AACFFB6F4}.MinSizeRel|x64.Build.0 = MinSizeRel|x64
		{17D27BF3-FD47-33A8-9152-5D8AACFFB6F4}.RelWithDebInfo|x64.ActiveCfg = RelWithDebInfo|x64
		{17D27BF3-FD47-33A8-9152-5D8AACFFB6F4}.RelWithDebInfo|x64.Build.0 = RelWithDebInfo|x64
		{4C1DF5C6-190A-3F41-8F66-9EDE938B0477}.Debug|x64.ActiveCfg = Debug|x64
		{4C1DF5C6-190A-3F41-8F66-9EDE938B0477}.Debug|x64.Build.0 = Debug|x64
		{4C1DF5C6-190A-3F41-8F66-9EDE938B0477}.Release|x64.ActiveCfg = Release|x64
		{4C1DF5C6-190A-3F41-8F66-9EDE938B0477}.Release|x64.Build.0 = Release|x64
		{4C1DF5C6-190A-3F41-8F66-9EDE938B0477}.MinSizeRel|x64.ActiveCfg = MinSizeRel|x64
		{4C1DF5C6-190A-3F41-8F66-9EDE938B0477}.MinSizeRel|x64.Build.0 = MinSizeRel|x64
		{4C1DF5C6-190A-3F41-8F66-9EDE938B0477}.RelWithDebInfo|x64.ActiveCfg = RelWithDebInfo|x64
		{4C1DF5C6-190A-3F41-8F66-9EDE938B0477}.RelWithDebInfo|x64.Build.0 = RelWithDebInfo|x64
		{AEA4C14A-97C4-3585-BCA1-125371A03708}.Debug|x64.ActiveCfg = Debug|x64
		{AEA4C14A-97C4-3585-BCA1-125371A03708}.Debug|x64.Build.0 = Debug|x64
		{AEA4C14A-97C4-3585-BCA1-125371A03708}.Release|x64.ActiveCfg = Release|x64
		{AEA4C14A-97C4-3585-BCA1-125371A03708}.Release|x64.Build.0 = Release|x64
		{AEA4C14A-97C4-3585-BCA1-125371A03708}.MinSizeRel|x64.ActiveCfg = MinSizeRel|x64
		{AEA4C14A-97C4-3585-BCA1-125371A03708}.MinSizeRel|x64.Build.0 = MinSizeRel|x64
		{AEA4C14A-97C4-3585-BCA1-125371A03708}.RelWithDebInfo|x64.ActiveCfg = RelWithDebInfo|x64
		{AEA4C14A-97C4-3585-BCA1-125371A03708}.RelWithDebInfo|x64.Build.0 = RelWithDebInfo|x64
		{7226787D-D714-3487-BE54-0204392FCF43}.Debug|x64.ActiveCfg = Debug|x64
		{7226787D-D714-3487-BE54-0204392FCF43}.Release|x64.ActiveCfg = Release|x64
		{7226787D-D714-3487-BE54-0204392FCF43}.MinSizeRel|x64.ActiveCfg = MinSizeRel|x64
		{7226787D-D714-3487-BE54-0204392FCF43}.RelWithDebInfo|x64.ActiveCfg = RelWithDebInfo|x64
		{DB5578BE-486B-3302-8276-A31E9DFD6577}.Debug|x64.ActiveCfg = Debug|x64
		{DB5578BE-486B-3302-8276-A31E9DFD6577}.Debug|x64.Build.0 = Debug|x64
		{DB5578BE-486B-3302-8276-A31E9DFD6577}.Release|x64.ActiveCfg = Release|x64
		{DB5578BE-486B-3302-8276-A31E9DFD6577}.Release|x64.Build.0 = Release|x64
		{DB5578BE-486B-3302-8276-A31E9DFD6577}.MinSizeRel|x64.ActiveCfg = MinSizeRel|x64
		{DB5578BE-486B-3302-8276-A31E9DFD6577}.MinSizeRel|x64.Build.0 = MinSizeRel|x64
		{DB5578BE-486B-3302-8276-A31E9DFD6577}.RelWithDebInfo|x64.ActiveCfg = RelWithDebInfo|x64
		{DB5578BE-486B-3302-8276-A31E9DFD6577}.RelWithDebInfo|x64.Build.0 = RelWithDebInfo|x64
		{8388C01F-57B5-32C5-A9B3-4296CE99AB2C}.Debug|x64.ActiveCfg = Debug|x64
		{8388C01F-57B5-32C5-A9B3-4296CE99AB2C}.Release|x64.ActiveCfg = Release|x64
		{8388C01F-57B5-32C5-A9B3-4296CE99AB2C}.MinSizeRel|x64.ActiveCfg = MinSizeRel|x64
		{8388C01F-57B5-32C5-A9B3-4296CE99AB2C}.RelWithDebInfo|x64.ActiveCfg = RelWithDebInfo|x64
	EndGlobalSection
	GlobalSection(NestedProjects) = preSolution
		{E19FCD4D-3750-3104-A5A1-6CD316EA5747} = {0D965FC9-A06B-3F1B-8BF9-854F915B9698}
		{66021F7D-FBAE-32D3-8399-D9BFD477725D} = {0D965FC9-A06B-3F1B-8BF9-854F915B9698}
		{BC2CBBEF-8DF1-3197-A039-5104D3B99EA0} = {0D965FC9-A06B-3F1B-8BF9-854F915B9698}
		{A8FEC29A-9E11-31FC-8C1D-48D6A6BE01C2} = {E269DF42-2ACA-3937-9962-65618161697A}
		{A0D3090A-BF26-3D87-83D7-9D094A3E2397} = {E269DF42-2ACA-3937-9962-65618161697A}
		{8E9F7959-8D3A-3841-896B-E8251774BE5B} = {E269DF42-2ACA-3937-9962-65618161697A}
		{0F31407D-A0B4-3AB7-84D2-AE1EE076CC79} = {E269DF42-2ACA-3937-9962-65618161697A}
		{15892308-858E-3D6F-99FB-D0CEC91BD028} = {3D4590DD-7C46-370E-9304-11D2C88ED105}
		{8388C01F-57B5-32C5-A9B3-4296CE99AB2C} = {3D4590DD-7C46-370E-9304-11D2C88ED105}
	EndGlobalSection
	GlobalSection(ExtensibilityGlobals) = postSolution
	EndGlobalSection
	GlobalSection(ExtensibilityAddIns) = postSolution
	EndGlobalSection
EndGlobal
