<?xml version="1.0" encoding="utf-8"?>
<Project ToolsVersion="4.0" xmlns="http://schemas.microsoft.com/developer/msbuild/2003">
  <ItemGroup>
    <Filter Include="Engine">
      <UniqueIdentifier>{6be9f29b-4fc4-4e25-b35c-b6c2d454013a}</UniqueIdentifier>
    </Filter>
    <Filter Include="GraphicEngine">
      <UniqueIdentifier>{394ed7ce-4347-4795-bf07-fe5bae7b6f1e}</UniqueIdentifier>
    </Filter>
    <Filter Include="Engine\Header Files">
      <UniqueIdentifier>{38a27739-9ed4-42f5-8e60-ed00d5b719b4}</UniqueIdentifier>
    </Filter>
    <Filter Include="Engine\Source Files">
      <UniqueIdentifier>{a432df6f-00d1-4542-8844-49641b7913e6}</UniqueIdentifier>
    </Filter>
    <Filter Include="Engine\Interfaces">
      <UniqueIdentifier>{3054ff0a-11cd-45f2-b835-d89885754ef5}</UniqueIdentifier>
    </Filter>
    <Filter Include="GraphicEngine\Header Files">
      <UniqueIdentifier>{3254cfd2-4e87-4df2-b394-7ddb9e4ccb12}</UniqueIdentifier>
    </Filter>
    <Filter Include="GraphicEngine\Source Files">
      <UniqueIdentifier>{92c31588-08b8-4d6a-9351-1fa37205c383}</UniqueIdentifier>
    </Filter>
    <Filter Include="GraphicEngine\Interfaces">
      <UniqueIdentifier>{0459808b-ad6b-4fc0-8795-bc137966f744}</UniqueIdentifier>
    </Filter>
    <Filter Include="TestProject">
      <UniqueIdentifier>{7bddaace-8f0d-406a-93e2-ba58b9d8dd41}</UniqueIdentifier>
    </Filter>
    <Filter Include="TestProject\Models">
      <UniqueIdentifier>{a895d2ed-ea64-4d9a-8c8f-eed444c8c2b5}</UniqueIdentifier>
    </Filter>
    <Filter Include="TestProject\Scenes">
      <UniqueIdentifier>{08aa546b-1f19-464e-aff8-c03a808a7a27}</UniqueIdentifier>
    </Filter>
    <Filter Include="TestProject\Models\Shaders">
      <UniqueIdentifier>{0a6b81c6-dd50-46af-bc78-3e6fb7247145}</UniqueIdentifier>
    </Filter>
    <Filter Include="TestProject\Models\Trees">
      <UniqueIdentifier>{4c951b2b-3b9b-4c45-be27-4d946b110979}</UniqueIdentifier>
    </Filter>
    <Filter Include="TestProject\Models\Trees\Header Files">
      <UniqueIdentifier>{b2a49ab2-11c2-44ad-b106-1c3903cc8627}</UniqueIdentifier>
    </Filter>
    <Filter Include="TestProject\Models\Trees\Source Files">
      <UniqueIdentifier>{406a2661-b17b-49bf-902a-ac7603ed4ef1}</UniqueIdentifier>
    </Filter>
    <Filter Include="TestProject\Models\Trees\Tree Models">
      <UniqueIdentifier>{373f0f8f-f53f-477a-a919-33c5bc5e8347}</UniqueIdentifier>
    </Filter>
    <Filter Include="TestProject\Models\Trees\Textures">
      <UniqueIdentifier>{0ee4301b-13f2-4113-82f6-e81d7320104e}</UniqueIdentifier>
    </Filter>
    <Filter Include="TestProject\Models\General">
      <UniqueIdentifier>{83715dbc-74da-4e5d-8501-a3a7ff3c3974}</UniqueIdentifier>
    </Filter>
    <Filter Include="TestProject\Models\General\Header Files">
      <UniqueIdentifier>{16af2619-ce00-499f-8e38-e71d6473da18}</UniqueIdentifier>
    </Filter>
    <Filter Include="TestProject\Models\General\Source Files">
      <UniqueIdentifier>{0c076b35-875c-49d7-8513-cfa984825fa2}</UniqueIdentifier>
    </Filter>
    <Filter Include="TestProject\Scenes\Source Files">
      <UniqueIdentifier>{b1f6bbdf-8163-4916-baec-bfe1bd442630}</UniqueIdentifier>
    </Filter>
    <Filter Include="TestProject\Scenes\Header Files">
      <UniqueIdentifier>{389cab42-a262-46c1-b207-33e47cae06a5}</UniqueIdentifier>
    </Filter>
    <Filter Include="TestProject\Models\Trees\Tree Models\Parametric">
      <UniqueIdentifier>{3a4fb0bb-e1a3-4cf4-9d7a-c978b4c21cd5}</UniqueIdentifier>
    </Filter>
  </ItemGroup>
  <ItemGroup>
    <ClCompile Include="Engine.cpp">
      <Filter>Engine\Source Files</Filter>
    </ClCompile>
    <ClCompile Include="GLWindow.cpp">
      <Filter>GraphicEngine\Source Files</Filter>
    </ClCompile>
    <ClCompile Include="InputState.cpp">
      <Filter>GraphicEngine\Source Files</Filter>
    </ClCompile>
    <ClCompile Include="SceneManager.cpp">
      <Filter>Engine\Source Files</Filter>
    </ClCompile>
    <ClCompile Include="ESTree.cpp">
      <Filter>TestProject</Filter>
    </ClCompile>
    <ClCompile Include="GLRenderer.cpp">
      <Filter>GraphicEngine\Source Files</Filter>
    </ClCompile>
    <ClCompile Include="Scene.cpp">
      <Filter>Engine\Source Files</Filter>
    </ClCompile>
    <ClCompile Include="GameObject.cpp">
      <Filter>Engine\Source Files</Filter>
    </ClCompile>
    <ClCompile Include="Camera.cpp">
      <Filter>Engine\Source Files</Filter>
    </ClCompile>
    <ClCompile Include="GLVertexArray.cpp">
      <Filter>GraphicEngine\Source Files</Filter>
    </ClCompile>
    <ClCompile Include="Shader.cpp">
      <Filter>GraphicEngine\Source Files</Filter>
    </ClCompile>
    <ClCompile Include="Mesh.cpp">
      <Filter>Engine\Source Files</Filter>
    </ClCompile>
    <ClCompile Include="CameraBehaviour.cpp">
      <Filter>Engine\Source Files</Filter>
    </ClCompile>
    <ClCompile Include="Cube.cpp">
      <Filter>TestProject\Models\General\Source Files</Filter>
    </ClCompile>
    <ClCompile Include="LightsManager.cpp">
      <Filter>Engine\Source Files</Filter>
    </ClCompile>
    <ClCompile Include="Material.cpp">
      <Filter>Engine\Source Files</Filter>
    </ClCompile>
    <ClCompile Include="LightsUtils.cpp">
      <Filter>Engine\Source Files</Filter>
    </ClCompile>
    <ClCompile Include="Transform.cpp">
      <Filter>Engine\Source Files</Filter>
    </ClCompile>
    <ClCompile Include="LampCube.cpp">
      <Filter>TestProject\Models\General\Source Files</Filter>
    </ClCompile>
    <ClCompile Include="TreeBehaviour.cpp">
      <Filter>TestProject\Models\Trees\Source Files</Filter>
    </ClCompile>
    <ClCompile Include="TextureManager.cpp">
      <Filter>Engine\Source Files</Filter>
    </ClCompile>
    <ClCompile Include="Texture2D.cpp">
      <Filter>Engine\Source Files</Filter>
    </ClCompile>
    <ClCompile Include="CubeMap.cpp">
      <Filter>Engine\Source Files</Filter>
    </ClCompile>
    <ClCompile Include="TextureBuffer.cpp">
      <Filter>GraphicEngine\Source Files</Filter>
    </ClCompile>
    <ClCompile Include="RigidBody.cpp">
      <Filter>Engine\Source Files</Filter>
    </ClCompile>
    <ClCompile Include="PhysicsManager.cpp">
      <Filter>Engine\Source Files</Filter>
    </ClCompile>
    <ClCompile Include="InstancedMesh.cpp">
      <Filter>Engine\Source Files</Filter>
    </ClCompile>
    <ClCompile Include="InstancedCube.cpp">
      <Filter>TestProject\Models\General\Source Files</Filter>
    </ClCompile>
    <ClCompile Include="LindenmayerTreeParams.cpp">
      <Filter>TestProject\Models\Trees\Source Files</Filter>
    </ClCompile>
    <ClCompile Include="TreeScene.cpp">
      <Filter>TestProject\Scenes\Source Files</Filter>
    </ClCompile>
    <ClCompile Include="TestScene.cpp">
      <Filter>TestProject\Scenes\Source Files</Filter>
    </ClCompile>
    <ClCompile Include="LindenmayerTree.cpp">
      <Filter>TestProject\Models\Trees\Source Files</Filter>
    </ClCompile>
    <ClCompile Include="Logger.cpp">
      <Filter>Engine\Source Files</Filter>
    </ClCompile>
    <ClCompile Include="Skybox.cpp">
      <Filter>Engine\Source Files</Filter>
    </ClCompile>
    <ClCompile Include="LindenmayerTreeParser.cpp">
      <Filter>TestProject\Models\Trees\Source Files</Filter>
    </ClCompile>
    <ClCompile Include="Screen.cpp">
      <Filter>Engine\Source Files</Filter>
    </ClCompile>
    <ClCompile Include="MouseManager.cpp">
      <Filter>Engine\Source Files</Filter>
    </ClCompile>
  </ItemGroup>
  <ItemGroup>
    <ClInclude Include="Engine.h">
      <Filter>Engine\Header Files</Filter>
    </ClInclude>
    <ClInclude Include="GLWindow.h">
      <Filter>GraphicEngine\Header Files</Filter>
    </ClInclude>
    <ClInclude Include="InputState.h">
      <Filter>GraphicEngine\Header Files</Filter>
    </ClInclude>
    <ClInclude Include="Renderer.h">
      <Filter>GraphicEngine\Interfaces</Filter>
    </ClInclude>
    <ClInclude Include="Window.h">
      <Filter>GraphicEngine\Interfaces</Filter>
    </ClInclude>
    <ClInclude Include="SceneManager.h">
      <Filter>Engine\Header Files</Filter>
    </ClInclude>
    <ClInclude Include="Point2d.h">
      <Filter>GraphicEngine\Header Files</Filter>
    </ClInclude>
    <ClInclude Include="GLRenderer.h">
      <Filter>GraphicEngine\Header Files</Filter>
    </ClInclude>
    <ClInclude Include="Scene.h">
      <Filter>Engine\Header Files</Filter>
    </ClInclude>
    <ClInclude Include="GameObject.h">
      <Filter>Engine\Header Files</Filter>
    </ClInclude>
    <ClInclude Include="Vertex.h">
      <Filter>Engine\Header Files</Filter>
    </ClInclude>
    <ClInclude Include="Transform.h">
      <Filter>Engine\Header Files</Filter>
    </ClInclude>
    <ClInclude Include="Camera.h">
      <Filter>Engine\Header Files</Filter>
    </ClInclude>
    <ClInclude Include="GLVertexArray.h">
      <Filter>GraphicEngine\Header Files</Filter>
    </ClInclude>
    <ClInclude Include="Shader.h">
      <Filter>GraphicEngine\Header Files</Filter>
    </ClInclude>
    <ClInclude Include="Renderable.h">
      <Filter>Engine\Interfaces</Filter>
    </ClInclude>
    <ClInclude Include="VertexArray.h">
      <Filter>GraphicEngine\Interfaces</Filter>
    </ClInclude>
    <ClInclude Include="Behaviour.h">
      <Filter>Engine\Interfaces</Filter>
    </ClInclude>
    <ClInclude Include="Mesh.h">
      <Filter>Engine\Header Files</Filter>
    </ClInclude>
    <ClInclude Include="Component.h">
      <Filter>Engine\Header Files</Filter>
    </ClInclude>
    <ClInclude Include="CameraBehaviour.h">
      <Filter>Engine\Header Files</Filter>
    </ClInclude>
    <ClInclude Include="Cube.h">
      <Filter>TestProject\Models\General\Header Files</Filter>
    </ClInclude>
    <ClInclude Include="Material.h">
      <Filter>Engine\Header Files</Filter>
    </ClInclude>
    <ClInclude Include="LightsManager.h">
      <Filter>Engine\Header Files</Filter>
    </ClInclude>
    <ClInclude Include="PointLight.h">
      <Filter>Engine\Header Files</Filter>
    </ClInclude>
    <ClInclude Include="Light.h">
      <Filter>Engine\Header Files</Filter>
    </ClInclude>
    <ClInclude Include="DirectionalLight.h">
      <Filter>Engine\Header Files</Filter>
    </ClInclude>
    <ClInclude Include="LightsUtils.h">
      <Filter>Engine\Header Files</Filter>
    </ClInclude>
    <ClInclude Include="RotationBehaviour.h">
      <Filter>TestProject\Models\General\Header Files</Filter>
    </ClInclude>
    <ClInclude Include="LampCube.h">
      <Filter>TestProject\Models\General\Header Files</Filter>
    </ClInclude>
    <ClInclude Include="TreeBehaviour.h">
      <Filter>TestProject\Models\Trees\Header Files</Filter>
    </ClInclude>
    <ClInclude Include="Segment.h">
      <Filter>TestProject\Models\Trees\Header Files</Filter>
    </ClInclude>
    <ClInclude Include="LindenmayerTreeParams.h">
      <Filter>TestProject\Models\Trees\Header Files</Filter>
    </ClInclude>
    <ClInclude Include="Texture.h">
      <Filter>Engine\Header Files</Filter>
    </ClInclude>
    <ClInclude Include="TextureManager.h">
      <Filter>Engine\Header Files</Filter>
    </ClInclude>
    <ClInclude Include="Texture2D.h">
      <Filter>Engine\Header Files</Filter>
    </ClInclude>
    <ClInclude Include="CubeMap.h">
      <Filter>Engine\Header Files</Filter>
    </ClInclude>
    <ClInclude Include="TextureBuffer.h">
      <Filter>GraphicEngine\Header Files</Filter>
    </ClInclude>
    <ClInclude Include="RigidBody.h">
      <Filter>Engine\Header Files</Filter>
    </ClInclude>
    <ClInclude Include="PhysicsManager.h">
      <Filter>Engine\Header Files</Filter>
    </ClInclude>
    <ClInclude Include="InstancedMesh.h">
      <Filter>Engine\Header Files</Filter>
    </ClInclude>
    <ClInclude Include="InstancedCube.h">
      <Filter>TestProject\Models\General\Header Files</Filter>
    </ClInclude>
    <ClInclude Include="InstancedTransform.h">
      <Filter>Engine\Header Files</Filter>
    </ClInclude>
    <ClInclude Include="TreeScene.h">
      <Filter>TestProject\Scenes\Header Files</Filter>
    </ClInclude>
    <ClInclude Include="TestScene.h">
      <Filter>TestProject\Scenes\Header Files</Filter>
    </ClInclude>
    <ClInclude Include="LindenmayerTree.h">
      <Filter>TestProject\Models\Trees\Header Files</Filter>
    </ClInclude>
    <ClInclude Include="Logger.h">
      <Filter>Engine\Header Files</Filter>
    </ClInclude>
    <ClInclude Include="Skybox.h">
      <Filter>Engine\Header Files</Filter>
    </ClInclude>
    <ClInclude Include="LindenmayerTreeParser.h">
      <Filter>TestProject\Models\Trees\Header Files</Filter>
    </ClInclude>
    <ClInclude Include="ClickEvent.h">
      <Filter>GraphicEngine\Header Files</Filter>
    </ClInclude>
    <ClInclude Include="Ray.h">
      <Filter>Engine\Header Files</Filter>
    </ClInclude>
    <ClInclude Include="Screen.h">
      <Filter>Engine\Header Files</Filter>
    </ClInclude>
    <ClInclude Include="MouseManager.h">
      <Filter>Engine\Header Files</Filter>
    </ClInclude>
  </ItemGroup>
  <ItemGroup>
    <None Include="LindenmayerRules\advancedTree.l">
      <Filter>TestProject\Models\Trees\Tree Models</Filter>
    </None>
    <None Include="LindenmayerRules\advancedTree2.l">
      <Filter>TestProject\Models\Trees\Tree Models</Filter>
    </None>
    <None Include="LindenmayerRules\fibbonacciTree.l">
      <Filter>TestProject\Models\Trees\Tree Models</Filter>
    </None>
    <None Include="LindenmayerRules\randomTree.l">
      <Filter>TestProject\Models\Trees\Tree Models</Filter>
    </None>
    <None Include="LindenmayerRules\randomTree2.l">
      <Filter>TestProject\Models\Trees\Tree Models</Filter>
    </None>
    <None Include="LindenmayerRules\test.l">
      <Filter>TestProject\Models\Trees\Tree Models</Filter>
    </None>
    <None Include="LindenmayerRules\testX.l">
      <Filter>TestProject\Models\Trees\Tree Models</Filter>
    </None>
    <None Include="LindenmayerRules\testY.l">
      <Filter>TestProject\Models\Trees\Tree Models</Filter>
    </None>
    <None Include="LindenmayerRules\testZ.l">
      <Filter>TestProject\Models\Trees\Tree Models</Filter>
    </None>
    <None Include="Shaders\InstancedShader.frag">
      <Filter>TestProject\Models\Shaders</Filter>
    </None>
    <None Include="Shaders\InstancedShader.vert">
      <Filter>TestProject\Models\Shaders</Filter>
    </None>
    <None Include="Shaders\LampShader.frag">
      <Filter>TestProject\Models\Shaders</Filter>
    </None>
    <None Include="Shaders\LampShader.vert">
      <Filter>TestProject\Models\Shaders</Filter>
    </None>
    <None Include="Shaders\MeshWiringShader.frag">
      <Filter>TestProject\Models\Shaders</Filter>
    </None>
    <None Include="Shaders\MeshWiringShader.geom">
      <Filter>TestProject\Models\Shaders</Filter>
    </None>
    <None Include="Shaders\MeshWiringShader.vert">
      <Filter>TestProject\Models\Shaders</Filter>
    </None>
    <None Include="Shaders\SkyboxShader.frag">
      <Filter>TestProject\Models\Shaders</Filter>
    </None>
    <None Include="Shaders\SkyboxShader.vert">
      <Filter>TestProject\Models\Shaders</Filter>
    </None>
    <None Include="Shaders\GenericShader.frag">
      <Filter>TestProject\Models\Shaders</Filter>
    </None>
    <None Include="Shaders\GenericShader.vert">
      <Filter>TestProject\Models\Shaders</Filter>
    </None>
    <None Include="LindenmayerRules\parametricTree.l">
      <Filter>TestProject\Models\Trees\Tree Models</Filter>
    </None>
    <None Include="LindenmayerRules\symetricTree.l">
      <Filter>TestProject\Models\Trees\Tree Models</Filter>
    </None>
    <None Include="LindenmayerRules\parametricTree2.l">
      <Filter>TestProject\Models\Trees\Tree Models</Filter>
    </None>
    <None Include="LindenmayerRules\parametricMonopodialTreeA.l">
      <Filter>TestProject\Models\Trees\Tree Models\Parametric</Filter>
    </None>
    <None Include="LindenmayerRules\parametricMonopodialTreeB.l">
      <Filter>TestProject\Models\Trees\Tree Models\Parametric</Filter>
    </None>
    <None Include="LindenmayerRules\parametricMonopodialTreeC.l">
      <Filter>TestProject\Models\Trees\Tree Models\Parametric</Filter>
    </None>
    <None Include="LindenmayerRules\parametricMonopodialTreeD.l">
      <Filter>TestProject\Models\Trees\Tree Models\Parametric</Filter>
    </None>
    <None Include="LindenmayerRules\parametricSympodialTreeA.l">
      <Filter>TestProject\Models\Trees\Tree Models\Parametric</Filter>
    </None>
    <None Include="LindenmayerRules\parametricSympodialTreeB.l">
      <Filter>TestProject\Models\Trees\Tree Models\Parametric</Filter>
    </None>
    <None Include="LindenmayerRules\parametricSympodialTreeC.l">
      <Filter>TestProject\Models\Trees\Tree Models\Parametric</Filter>
    </None>
    <None Include="LindenmayerRules\parametricSympodialTreeD.l">
      <Filter>TestProject\Models\Trees\Tree Models\Parametric</Filter>
    </None>
    <None Include="LindenmayerRules\parametricTernaryTreeA.l">
      <Filter>TestProject\Models\Trees\Tree Models\Parametric</Filter>
    </None>
  </ItemGroup>
  <ItemGroup>
    <Image Include="Textures\barkTexture1.jpg">
      <Filter>TestProject\Models\Trees\Textures</Filter>
    </Image>
    <Image Include="Textures\barkTexture2.jpg">
      <Filter>TestProject\Models\Trees\Textures</Filter>
    </Image>
    <Image Include="Textures\barkTexture3.jpg">
      <Filter>TestProject\Models\Trees\Textures</Filter>
    </Image>
    <Image Include="Textures\barkTexture4.jpg">
      <Filter>TestProject\Models\Trees\Textures</Filter>
    </Image>
    <Image Include="Textures\barkTexture5.jpg">
      <Filter>TestProject\Models\Trees\Textures</Filter>
    </Image>
    <Image Include="Textures\container_d.jpg">
      <Filter>TestProject\Models\Trees\Textures</Filter>
    </Image>
    <Image Include="Textures\container_s.jpg">
      <Filter>TestProject\Models\Trees\Textures</Filter>
    </Image>
    <Image Include="Textures\grassTexture.jpeg">
      <Filter>TestProject\Models\Trees\Textures</Filter>
    </Image>
    <Image Include="Textures\grassTexture.jpg">
      <Filter>TestProject\Models\Trees\Textures</Filter>
    </Image>
    <Image Include="Textures\leaves1.png">
      <Filter>TestProject\Models\Trees\Textures</Filter>
    </Image>
    <Image Include="Textures\leaves2.png">
      <Filter>TestProject\Models\Trees\Textures</Filter>
    </Image>
    <Image Include="Textures\leaves3.png">
      <Filter>TestProject\Models\Trees\Textures</Filter>
    </Image>
    <Image Include="Textures\leaves4.png">
      <Filter>TestProject\Models\Trees\Textures</Filter>
    </Image>
    <Image Include="Textures\leaves5.png">
      <Filter>TestProject\Models\Trees\Textures</Filter>
    </Image>
    <Image Include="Textures\treeTexture1.jpg">
      <Filter>TestProject\Models\Trees\Textures</Filter>
    </Image>
    <Image Include="Textures\treeTexture2.jpg">
      <Filter>TestProject\Models\Trees\Textures</Filter>
    </Image>
    <Image Include="Textures\Skybox\back.jpg">
      <Filter>TestProject\Models\Trees\Textures</Filter>
    </Image>
    <Image Include="Textures\Skybox\bottom.jpg">
      <Filter>TestProject\Models\Trees\Textures</Filter>
    </Image>
    <Image Include="Textures\Skybox\front.jpg">
      <Filter>TestProject\Models\Trees\Textures</Filter>
    </Image>
    <Image Include="Textures\Skybox\left.jpg">
      <Filter>TestProject\Models\Trees\Textures</Filter>
    </Image>
    <Image Include="Textures\Skybox\right.jpg">
      <Filter>TestProject\Models\Trees\Textures</Filter>
    </Image>
    <Image Include="Textures\Skybox\top.jpg">
      <Filter>TestProject\Models\Trees\Textures</Filter>
    </Image>
  </ItemGroup>
</Project>